// !$*UTF8*$!
{
	archiveVersion = 1;
	classes = {
	};
	objectVersion = 46;
	objects = {

/* Begin PBXBuildFile section */
		C6ACC1981CC53EF80062389D /* AppDelegate.swift in Sources */ = {isa = PBXBuildFile; fileRef = C6ACC1971CC53EF80062389D /* AppDelegate.swift */; };
		C6ACC19A1CC53EF80062389D /* ViewController.swift in Sources */ = {isa = PBXBuildFile; fileRef = C6ACC1991CC53EF80062389D /* ViewController.swift */; };
		C6ACC19D1CC53EF80062389D /* Main.storyboard in Resources */ = {isa = PBXBuildFile; fileRef = C6ACC19B1CC53EF80062389D /* Main.storyboard */; };
		C6ACC19F1CC53EF80062389D /* Assets.xcassets in Resources */ = {isa = PBXBuildFile; fileRef = C6ACC19E1CC53EF80062389D /* Assets.xcassets */; };
		C6ACC1A21CC53EF80062389D /* LaunchScreen.storyboard in Resources */ = {isa = PBXBuildFile; fileRef = C6ACC1A01CC53EF80062389D /* LaunchScreen.storyboard */; };
		C6ACC1AA1CC5414D0062389D /* SlidableView.swift in Sources */ = {isa = PBXBuildFile; fileRef = C6ACC1A91CC5414D0062389D /* SlidableView.swift */; };
/* End PBXBuildFile section */

/* Begin PBXFileReference section */
		C6ACC1941CC53EF80062389D /* TipCalculator.app */ = {isa = PBXFileReference; explicitFileType = wrapper.application; includeInIndex = 0; path = TipCalculator.app; sourceTree = BUILT_PRODUCTS_DIR; };
		C6ACC1971CC53EF80062389D /* AppDelegate.swift */ = {isa = PBXFileReference; lastKnownFileType = sourcecode.swift; path = AppDelegate.swift; sourceTree = "<group>"; };
		C6ACC1991CC53EF80062389D /* ViewController.swift */ = {isa = PBXFileReference; lastKnownFileType = sourcecode.swift; path = ViewController.swift; sourceTree = "<group>"; };
		C6ACC19C1CC53EF80062389D /* Base */ = {isa = PBXFileReference; lastKnownFileType = file.storyboard; name = Base; path = Base.lproj/Main.storyboard; sourceTree = "<group>"; };
		C6ACC19E1CC53EF80062389D /* Assets.xcassets */ = {isa = PBXFileReference; lastKnownFileType = folder.assetcatalog; path = Assets.xcassets; sourceTree = "<group>"; };
		C6ACC1A11CC53EF80062389D /* Base */ = {isa = PBXFileReference; lastKnownFileType = file.storyboard; name = Base; path = Base.lproj/LaunchScreen.storyboard; sourceTree = "<group>"; };
		C6ACC1A31CC53EF80062389D /* Info.plist */ = {isa = PBXFileReference; lastKnownFileType = text.plist.xml; path = Info.plist; sourceTree = "<group>"; };
		C6ACC1A91CC5414D0062389D /* SlidableView.swift */ = {isa = PBXFileReference; fileEncoding = 4; lastKnownFileType = sourcecode.swift; path = SlidableView.swift; sourceTree = "<group>"; };
/* End PBXFileReference section */

/* Begin PBXFrameworksBuildPhase section */
		C6ACC1911CC53EF80062389D /* Frameworks */ = {
			isa = PBXFrameworksBuildPhase;
			buildActionMask = 2147483647;
			files = (
			);
			runOnlyForDeploymentPostprocessing = 0;
		};
/* End PBXFrameworksBuildPhase section */

/* Begin PBXGroup section */
		C6ACC18B1CC53EF80062389D = {
			isa = PBXGroup;
			children = (
				C6ACC1A91CC5414D0062389D /* SlidableView.swift */,
				C6ACC1961CC53EF80062389D /* TipCalculator */,
				C6ACC1951CC53EF80062389D /* Products */,
			);
			sourceTree = "<group>";
		};
		C6ACC1951CC53EF80062389D /* Products */ = {
			isa = PBXGroup;
			children = (
				C6ACC1941CC53EF80062389D /* TipCalculator.app */,
			);
			name = Products;
			sourceTree = "<group>";
		};
		C6ACC1961CC53EF80062389D /* TipCalculator */ = {
			isa = PBXGroup;
			children = (
				C6ACC1971CC53EF80062389D /* AppDelegate.swift */,
				C6ACC1991CC53EF80062389D /* ViewController.swift */,
				C6ACC19B1CC53EF80062389D /* Main.storyboard */,
				C6ACC19E1CC53EF80062389D /* Assets.xcassets */,
				C6ACC1A01CC53EF80062389D /* LaunchScreen.storyboard */,
				C6ACC1A31CC53EF80062389D /* Info.plist */,
			);
			path = TipCalculator;
			sourceTree = "<group>";
		};
/* End PBXGroup section */

/* Begin PBXNativeTarget section */
		C6ACC1931CC53EF80062389D /* TipCalculator */ = {
			isa = PBXNativeTarget;
			buildConfigurationList = C6ACC1A61CC53EF80062389D /* Build configuration list for PBXNativeTarget "TipCalculator" */;
			buildPhases = (
				C6ACC1901CC53EF80062389D /* Sources */,
				C6ACC1911CC53EF80062389D /* Frameworks */,
				C6ACC1921CC53EF80062389D /* Resources */,
			);
			buildRules = (
			);
			dependencies = (
			);
			name = TipCalculator;
			productName = TipCalculator;
			productReference = C6ACC1941CC53EF80062389D /* TipCalculator.app */;
			productType = "com.apple.product-type.application";
		};
/* End PBXNativeTarget section */

/* Begin PBXProject section */
		C6ACC18C1CC53EF80062389D /* Project object */ = {
			isa = PBXProject;
			attributes = {
				LastSwiftUpdateCheck = 0730;
				LastUpgradeCheck = 0730;
				ORGANIZATIONNAME = "Nishant Verma ( Nash Vail )";
				TargetAttributes = {
					C6ACC1931CC53EF80062389D = {
						CreatedOnToolsVersion = 7.3;
						DevelopmentTeam = 8SKAE2AGL6;
					};
				};
			};
			buildConfigurationList = C6ACC18F1CC53EF80062389D /* Build configuration list for PBXProject "TipCalculator" */;
			compatibilityVersion = "Xcode 3.2";
			developmentRegion = English;
			hasScannedForEncodings = 0;
			knownRegions = (
				en,
				Base,
			);
			mainGroup = C6ACC18B1CC53EF80062389D;
			productRefGroup = C6ACC1951CC53EF80062389D /* Products */;
			projectDirPath = "";
			projectRoot = "";
			targets = (
				C6ACC1931CC53EF80062389D /* TipCalculator */,
			);
		};
/* End PBXProject section */

/* Begin PBXResourcesBuildPhase section */
		C6ACC1921CC53EF80062389D /* Resources */ = {
			isa = PBXResourcesBuildPhase;
			buildActionMask = 2147483647;
			files = (
				C6ACC1A21CC53EF80062389D /* LaunchScreen.storyboard in Resources */,
				C6ACC19F1CC53EF80062389D /* Assets.xcassets in Resources */,
				C6ACC19D1CC53EF80062389D /* Main.storyboard in Resources */,
			);
			runOnlyForDeploymentPostprocessing = 0;
		};
/* End PBXResourcesBuildPhase section */

/* Begin PBXSourcesBuildPhase section */
		C6ACC1901CC53EF80062389D /* Sources */ = {
			isa = PBXSourcesBuildPhase;
			buildActionMask = 2147483647;
			files = (
				C6ACC1AA1CC5414D0062389D /* SlidableView.swift in Sources */,
				C6ACC19A1CC53EF80062389D /* ViewController.swift in Sources */,
				C6ACC1981CC53EF80062389D /* AppDelegate.swift in Sources */,
			);
			runOnlyForDeploymentPostprocessing = 0;
		};
/* End PBXSourcesBuildPhase section */

/* Begin PBXVariantGroup section */
		C6ACC19B1CC53EF80062389D /* Main.storyboard */ = {
			isa = PBXVariantGroup;
			children = (
				C6ACC19C1CC53EF80062389D /* Base */,
			);
			name = Main.storyboard;
			sourceTree = "<group>";
		};
		C6ACC1A01CC53EF80062389D /* LaunchScreen.storyboard */ = {
			isa = PBXVariantGroup;
			children = (
				C6ACC1A11CC53EF80062389D /* Base */,
			);
			name = LaunchScreen.storyboard;
			sourceTree = "<group>";
		};
/* End PBXVariantGroup section */

/* Begin XCBuildConfiguration section */
		C6ACC1A41CC53EF80062389D /* Debug */ = {
			isa = XCBuildConfiguration;
			buildSettings = {
				ALWAYS_SEARCH_USER_PATHS = NO;
				CLANG_ANALYZER_NONNULL = YES;
				CLANG_CXX_LANGUAGE_STANDARD = "gnu++0x";
				CLANG_CXX_LIBRARY = "libc++";
				CLANG_ENABLE_MODULES = YES;
				CLANG_ENABLE_OBJC_ARC = YES;
				CLANG_WARN_BOOL_CONVERSION = YES;
				CLANG_WARN_CONSTANT_CONVERSION = YES;
				CLANG_WARN_DIRECT_OBJC_ISA_USAGE = YES_ERROR;
				CLANG_WARN_EMPTY_BODY = YES;
				CLANG_WARN_ENUM_CONVERSION = YES;
				CLANG_WARN_INT_CONVERSION = YES;
				CLANG_WARN_OBJC_ROOT_CLASS = YES_ERROR;
				CLANG_WARN_UNREACHABLE_CODE = YES;
				CLANG_WARN__DUPLICATE_METHOD_MATCH = YES;
				"CODE_SIGN_IDENTITY[sdk=iphoneos*]" = "iPhone Developer";
				COPY_PHASE_STRIP = NO;
				DEBUG_INFORMATION_FORMAT = dwarf;
				ENABLE_STRICT_OBJC_MSGSEND = YES;
				ENABLE_TESTABILITY = YES;
				GCC_C_LANGUAGE_STANDARD = gnu99;
				GCC_DYNAMIC_NO_PIC = NO;
				GCC_NO_COMMON_BLOCKS = YES;
				GCC_OPTIMIZATION_LEVEL = 0;
				GCC_PREPROCESSOR_DEFINITIONS = (
					"DEBUG=1",
					"$(inherited)",
				);
				GCC_WARN_64_TO_32_BIT_CONVERSION = YES;
				GCC_WARN_ABOUT_RETURN_TYPE = YES_ERROR;
				GCC_WARN_UNDECLARED_SELECTOR = YES;
				GCC_WARN_UNINITIALIZED_AUTOS = YES_AGGRESSIVE;
				GCC_WARN_UNUSED_FUNCTION = YES;
				GCC_WARN_UNUSED_VARIABLE = YES;
				IPHONEOS_DEPLOYMENT_TARGET = 9.3;
				MTL_ENABLE_DEBUG_INFO = YES;
				ONLY_ACTIVE_ARCH = YES;
				SDKROOT = iphoneos;
				SWIFT_OPTIMIZATION_LEVEL = "-Onone";
			};
			name = Debug;
		};
		C6ACC1A51CC53EF80062389D /* Release */ = {
			isa = XCBuildConfiguration;
			buildSettings = {
				ALWAYS_SEARCH_USER_PATHS = NO;
				CLANG_ANALYZER_NONNULL = YES;
				CLANG_CXX_LANGUAGE_STANDARD = "gnu++0x";
				CLANG_CXX_LIBRARY = "libc++";
				CLANG_ENABLE_MODULES = YES;
				CLANG_ENABLE_OBJC_ARC = YES;
				CLANG_WARN_BOOL_CONVERSION = YES;
				CLANG_WARN_CONSTANT_CONVERSION = YES;
				CLANG_WARN_DIRECT_OBJC_ISA_USAGE = YES_ERROR;
				CLANG_WARN_EMPTY_BODY = YES;
				CLANG_WARN_ENUM_CONVERSION = YES;
				CLANG_WARN_INT_CONVERSION = YES;
				CLANG_WARN_OBJC_ROOT_CLASS = YES_ERROR;
				CLANG_WARN_UNREACHABLE_CODE = YES;
				CLANG_WARN__DUPLICATE_METHOD_MATCH = YES;
				"CODE_SIGN_IDENTITY[sdk=iphoneos*]" = "iPhone Developer";
				COPY_PHASE_STRIP = NO;
				DEBUG_INFORMATION_FORMAT = "dwarf-with-dsym";
				ENABLE_NS_ASSERTIONS = NO;
				ENABLE_STRICT_OBJC_MSGSEND = YES;
				GCC_C_LANGUAGE_STANDARD = gnu99;
				GCC_NO_COMMON_BLOCKS = YES;
				GCC_WARN_64_TO_32_BIT_CONVERSION = YES;
				GCC_WARN_ABOUT_RETURN_TYPE = YES_ERROR;
				GCC_WARN_UNDECLARED_SELECTOR = YES;
				GCC_WARN_UNINITIALIZED_AUTOS = YES_AGGRESSIVE;
				GCC_WARN_UNUSED_FUNCTION = YES;
				GCC_WARN_UNUSED_VARIABLE = YES;
				IPHONEOS_DEPLOYMENT_TARGET = 9.3;
				MTL_ENABLE_DEBUG_INFO = NO;
				SDKROOT = iphoneos;
				VALIDATE_PRODUCT = YES;
			};
			name = Release;
		};
		C6ACC1A71CC53EF80062389D /* Debug */ = {
			isa = XCBuildConfiguration;
			buildSettings = {
				ASSETCATALOG_COMPILER_APPICON_NAME = AppIcon;
				INFOPLIST_FILE = TipCalculator/Info.plist;
				LD_RUNPATH_SEARCH_PATHS = "$(inherited) @executable_path/Frameworks";
				PRODUCT_BUNDLE_IDENTIFIER = me.nashvail.xdays.TipCalculator;
				PRODUCT_NAME = "$(TARGET_NAME)";
			};
			name = Debug;
		};
		C6ACC1A81CC53EF80062389D /* Release */ = {
			isa = XCBuildConfiguration;
			buildSettings = {
				ASSETCATALOG_COMPILER_APPICON_NAME = AppIcon;
				INFOPLIST_FILE = TipCalculator/Info.plist;
				LD_RUNPATH_SEARCH_PATHS = "$(inherited) @executable_path/Frameworks";
				PRODUCT_BUNDLE_IDENTIFIER = me.nashvail.xdays.TipCalculator;
				PRODUCT_NAME = "$(TARGET_NAME)";
			};
			name = Release;
		};
/* End XCBuildConfiguration section */

/* Begin XCConfigurationList section */
		C6ACC18F1CC53EF80062389D /* Build configuration list for PBXProject "TipCalculator" */ = {
			isa = XCConfigurationList;
			buildConfigurations = (
				C6ACC1A41CC53EF80062389D /* Debug */,
				C6ACC1A51CC53EF80062389D /* Release */,
			);
			defaultConfigurationIsVisible = 0;
			defaultConfigurationName = Release;
		};
		C6ACC1A61CC53EF80062389D /* Build configuration list for PBXNativeTarget "TipCalculator" */ = {
			isa = XCConfigurationList;
			buildConfigurations = (
				C6ACC1A71CC53EF80062389D /* Debug */,
				C6ACC1A81CC53EF80062389D /* Release */,
			);
			defaultConfigurationIsVisible = 0;
		};
/* End XCConfigurationList section */
	};
	rootObject = C6ACC18C1CC53EF80062389D /* Project object */;
}
