// !$*UTF8*$!
{
	archiveVersion = 1;
	classes = {
	};
	objectVersion = 46;
	objects = {

/* Begin PBXBuildFile section */
		C624FBC61C9AC7CC00FAA637 /* ProgressArcView.swift in Sources */ = {isa = PBXBuildFile; fileRef = C624FBC51C9AC7CC00FAA637 /* ProgressArcView.swift */; };
		C6D12A321C9AB3A100655D2F /* AppDelegate.swift in Sources */ = {isa = PBXBuildFile; fileRef = C6D12A311C9AB3A100655D2F /* AppDelegate.swift */; };
		C6D12A341C9AB3A100655D2F /* ViewController.swift in Sources */ = {isa = PBXBuildFile; fileRef = C6D12A331C9AB3A100655D2F /* ViewController.swift */; };
		C6D12A371C9AB3A100655D2F /* Main.storyboard in Resources */ = {isa = PBXBuildFile; fileRef = C6D12A351C9AB3A100655D2F /* Main.storyboard */; };
		C6D12A391C9AB3A100655D2F /* Assets.xcassets in Resources */ = {isa = PBXBuildFile; fileRef = C6D12A381C9AB3A100655D2F /* Assets.xcassets */; };
		C6D12A3C1C9AB3A100655D2F /* LaunchScreen.storyboard in Resources */ = {isa = PBXBuildFile; fileRef = C6D12A3A1C9AB3A100655D2F /* LaunchScreen.storyboard */; };
		C6D12A471C9AB52300655D2F /* PlayButtonView.swift in Sources */ = {isa = PBXBuildFile; fileRef = C6D12A461C9AB52300655D2F /* PlayButtonView.swift */; };
		C6D12A4A1C9AB63500655D2F /* RGBAColorFromString.swift in Sources */ = {isa = PBXBuildFile; fileRef = C6D12A491C9AB63500655D2F /* RGBAColorFromString.swift */; };
/* End PBXBuildFile section */

/* Begin PBXFileReference section */
		C624FBC51C9AC7CC00FAA637 /* ProgressArcView.swift */ = {isa = PBXFileReference; fileEncoding = 4; lastKnownFileType = sourcecode.swift; name = ProgressArcView.swift; path = ../ProgressArcView.swift; sourceTree = "<group>"; };
		C6D12A2E1C9AB3A100655D2F /* SingleMusicPlayer.app */ = {isa = PBXFileReference; explicitFileType = wrapper.application; includeInIndex = 0; path = SingleMusicPlayer.app; sourceTree = BUILT_PRODUCTS_DIR; };
		C6D12A311C9AB3A100655D2F /* AppDelegate.swift */ = {isa = PBXFileReference; lastKnownFileType = sourcecode.swift; path = AppDelegate.swift; sourceTree = "<group>"; };
		C6D12A331C9AB3A100655D2F /* ViewController.swift */ = {isa = PBXFileReference; lastKnownFileType = sourcecode.swift; path = ViewController.swift; sourceTree = "<group>"; };
		C6D12A361C9AB3A100655D2F /* Base */ = {isa = PBXFileReference; lastKnownFileType = file.storyboard; name = Base; path = Base.lproj/Main.storyboard; sourceTree = "<group>"; };
		C6D12A381C9AB3A100655D2F /* Assets.xcassets */ = {isa = PBXFileReference; lastKnownFileType = folder.assetcatalog; path = Assets.xcassets; sourceTree = "<group>"; };
		C6D12A3B1C9AB3A100655D2F /* Base */ = {isa = PBXFileReference; lastKnownFileType = file.storyboard; name = Base; path = Base.lproj/LaunchScreen.storyboard; sourceTree = "<group>"; };
		C6D12A3D1C9AB3A100655D2F /* Info.plist */ = {isa = PBXFileReference; lastKnownFileType = text.plist.xml; path = Info.plist; sourceTree = "<group>"; };
		C6D12A461C9AB52300655D2F /* PlayButtonView.swift */ = {isa = PBXFileReference; fileEncoding = 4; lastKnownFileType = sourcecode.swift; name = PlayButtonView.swift; path = ../PlayButtonView.swift; sourceTree = "<group>"; };
		C6D12A491C9AB63500655D2F /* RGBAColorFromString.swift */ = {isa = PBXFileReference; fileEncoding = 4; lastKnownFileType = sourcecode.swift; path = RGBAColorFromString.swift; sourceTree = "<group>"; };
/* End PBXFileReference section */

/* Begin PBXFrameworksBuildPhase section */
		C6D12A2B1C9AB3A000655D2F /* Frameworks */ = {
			isa = PBXFrameworksBuildPhase;
			buildActionMask = 2147483647;
			files = (
			);
			runOnlyForDeploymentPostprocessing = 0;
		};
/* End PBXFrameworksBuildPhase section */

/* Begin PBXGroup section */
		C6D12A251C9AB3A000655D2F = {
			isa = PBXGroup;
			children = (
				C6D12A481C9AB60A00655D2F /* Categories and Extensions */,
				C6D12A301C9AB3A100655D2F /* SingleMusicPlayer */,
				C6D12A2F1C9AB3A100655D2F /* Products */,
			);
			sourceTree = "<group>";
		};
		C6D12A2F1C9AB3A100655D2F /* Products */ = {
			isa = PBXGroup;
			children = (
				C6D12A2E1C9AB3A100655D2F /* SingleMusicPlayer.app */,
			);
			name = Products;
			sourceTree = "<group>";
		};
		C6D12A301C9AB3A100655D2F /* SingleMusicPlayer */ = {
			isa = PBXGroup;
			children = (
				C6D12A441C9AB48F00655D2F /* Controllers */,
				C6D12A431C9AB48700655D2F /* Views */,
				C6D12A381C9AB3A100655D2F /* Assets.xcassets */,
				C6D12A3A1C9AB3A100655D2F /* LaunchScreen.storyboard */,
				C6D12A3D1C9AB3A100655D2F /* Info.plist */,
			);
			path = SingleMusicPlayer;
			sourceTree = "<group>";
		};
		C6D12A431C9AB48700655D2F /* Views */ = {
			isa = PBXGroup;
			children = (
				C624FBC51C9AC7CC00FAA637 /* ProgressArcView.swift */,
				C6D12A461C9AB52300655D2F /* PlayButtonView.swift */,
				C6D12A451C9AB4C200655D2F /* Storyboard and Nibs */,
			);
			name = Views;
			sourceTree = "<group>";
		};
		C6D12A441C9AB48F00655D2F /* Controllers */ = {
			isa = PBXGroup;
			children = (
				C6D12A311C9AB3A100655D2F /* AppDelegate.swift */,
				C6D12A331C9AB3A100655D2F /* ViewController.swift */,
			);
			name = Controllers;
			sourceTree = "<group>";
		};
		C6D12A451C9AB4C200655D2F /* Storyboard and Nibs */ = {
			isa = PBXGroup;
			children = (
				C6D12A351C9AB3A100655D2F /* Main.storyboard */,
			);
			name = "Storyboard and Nibs";
			sourceTree = "<group>";
		};
		C6D12A481C9AB60A00655D2F /* Categories and Extensions */ = {
			isa = PBXGroup;
			children = (
				C6D12A491C9AB63500655D2F /* RGBAColorFromString.swift */,
			);
			name = "Categories and Extensions";
			sourceTree = "<group>";
		};
/* End PBXGroup section */

/* Begin PBXNativeTarget section */
		C6D12A2D1C9AB3A000655D2F /* SingleMusicPlayer */ = {
			isa = PBXNativeTarget;
			buildConfigurationList = C6D12A401C9AB3A100655D2F /* Build configuration list for PBXNativeTarget "SingleMusicPlayer" */;
			buildPhases = (
				C6D12A2A1C9AB3A000655D2F /* Sources */,
				C6D12A2B1C9AB3A000655D2F /* Frameworks */,
				C6D12A2C1C9AB3A000655D2F /* Resources */,
			);
			buildRules = (
			);
			dependencies = (
			);
			name = SingleMusicPlayer;
			productName = SingleMusicPlayer;
			productReference = C6D12A2E1C9AB3A100655D2F /* SingleMusicPlayer.app */;
			productType = "com.apple.product-type.application";
		};
/* End PBXNativeTarget section */

/* Begin PBXProject section */
		C6D12A261C9AB3A000655D2F /* Project object */ = {
			isa = PBXProject;
			attributes = {
				LastSwiftUpdateCheck = 0720;
				LastUpgradeCheck = 0720;
				ORGANIZATIONNAME = "Nishant Verma ( Nash Vail )";
				TargetAttributes = {
					C6D12A2D1C9AB3A000655D2F = {
						CreatedOnToolsVersion = 7.2;
						DevelopmentTeam = 8SKAE2AGL6;
					};
				};
			};
			buildConfigurationList = C6D12A291C9AB3A000655D2F /* Build configuration list for PBXProject "SingleMusicPlayer" */;
			compatibilityVersion = "Xcode 3.2";
			developmentRegion = English;
			hasScannedForEncodings = 0;
			knownRegions = (
				en,
				Base,
			);
			mainGroup = C6D12A251C9AB3A000655D2F;
			productRefGroup = C6D12A2F1C9AB3A100655D2F /* Products */;
			projectDirPath = "";
			projectRoot = "";
			targets = (
				C6D12A2D1C9AB3A000655D2F /* SingleMusicPlayer */,
			);
		};
/* End PBXProject section */

/* Begin PBXResourcesBuildPhase section */
		C6D12A2C1C9AB3A000655D2F /* Resources */ = {
			isa = PBXResourcesBuildPhase;
			buildActionMask = 2147483647;
			files = (
				C6D12A3C1C9AB3A100655D2F /* LaunchScreen.storyboard in Resources */,
				C6D12A391C9AB3A100655D2F /* Assets.xcassets in Resources */,
				C6D12A371C9AB3A100655D2F /* Main.storyboard in Resources */,
			);
			runOnlyForDeploymentPostprocessing = 0;
		};
/* End PBXResourcesBuildPhase section */

/* Begin PBXSourcesBuildPhase section */
		C6D12A2A1C9AB3A000655D2F /* Sources */ = {
			isa = PBXSourcesBuildPhase;
			buildActionMask = 2147483647;
			files = (
				C6D12A471C9AB52300655D2F /* PlayButtonView.swift in Sources */,
				C6D12A341C9AB3A100655D2F /* ViewController.swift in Sources */,
				C6D12A4A1C9AB63500655D2F /* RGBAColorFromString.swift in Sources */,
				C6D12A321C9AB3A100655D2F /* AppDelegate.swift in Sources */,
				C624FBC61C9AC7CC00FAA637 /* ProgressArcView.swift in Sources */,
			);
			runOnlyForDeploymentPostprocessing = 0;
		};
/* End PBXSourcesBuildPhase section */

/* Begin PBXVariantGroup section */
		C6D12A351C9AB3A100655D2F /* Main.storyboard */ = {
			isa = PBXVariantGroup;
			children = (
				C6D12A361C9AB3A100655D2F /* Base */,
			);
			name = Main.storyboard;
			sourceTree = "<group>";
		};
		C6D12A3A1C9AB3A100655D2F /* LaunchScreen.storyboard */ = {
			isa = PBXVariantGroup;
			children = (
				C6D12A3B1C9AB3A100655D2F /* Base */,
			);
			name = LaunchScreen.storyboard;
			sourceTree = "<group>";
		};
/* End PBXVariantGroup section */

/* Begin XCBuildConfiguration section */
		C6D12A3E1C9AB3A100655D2F /* Debug */ = {
			isa = XCBuildConfiguration;
			buildSettings = {
				ALWAYS_SEARCH_USER_PATHS = NO;
				CLANG_CXX_LANGUAGE_STANDARD = "gnu++0x";
				CLANG_CXX_LIBRARY = "libc++";
				CLANG_ENABLE_MODULES = YES;
				CLANG_ENABLE_OBJC_ARC = YES;
				CLANG_WARN_BOOL_CONVERSION = YES;
				CLANG_WARN_CONSTANT_CONVERSION = YES;
				CLANG_WARN_DIRECT_OBJC_ISA_USAGE = YES_ERROR;
				CLANG_WARN_EMPTY_BODY = YES;
				CLANG_WARN_ENUM_CONVERSION = YES;
				CLANG_WARN_INT_CONVERSION = YES;
				CLANG_WARN_OBJC_ROOT_CLASS = YES_ERROR;
				CLANG_WARN_UNREACHABLE_CODE = YES;
				CLANG_WARN__DUPLICATE_METHOD_MATCH = YES;
				"CODE_SIGN_IDENTITY[sdk=iphoneos*]" = "iPhone Developer";
				COPY_PHASE_STRIP = NO;
				DEBUG_INFORMATION_FORMAT = dwarf;
				ENABLE_STRICT_OBJC_MSGSEND = YES;
				ENABLE_TESTABILITY = YES;
				GCC_C_LANGUAGE_STANDARD = gnu99;
				GCC_DYNAMIC_NO_PIC = NO;
				GCC_NO_COMMON_BLOCKS = YES;
				GCC_OPTIMIZATION_LEVEL = 0;
				GCC_PREPROCESSOR_DEFINITIONS = (
					"DEBUG=1",
					"$(inherited)",
				);
				GCC_WARN_64_TO_32_BIT_CONVERSION = YES;
				GCC_WARN_ABOUT_RETURN_TYPE = YES_ERROR;
				GCC_WARN_UNDECLARED_SELECTOR = YES;
				GCC_WARN_UNINITIALIZED_AUTOS = YES_AGGRESSIVE;
				GCC_WARN_UNUSED_FUNCTION = YES;
				GCC_WARN_UNUSED_VARIABLE = YES;
				IPHONEOS_DEPLOYMENT_TARGET = 9.2;
				MTL_ENABLE_DEBUG_INFO = YES;
				ONLY_ACTIVE_ARCH = YES;
				SDKROOT = iphoneos;
				SWIFT_OPTIMIZATION_LEVEL = "-Onone";
			};
			name = Debug;
		};
		C6D12A3F1C9AB3A100655D2F /* Release */ = {
			isa = XCBuildConfiguration;
			buildSettings = {
				ALWAYS_SEARCH_USER_PATHS = NO;
				CLANG_CXX_LANGUAGE_STANDARD = "gnu++0x";
				CLANG_CXX_LIBRARY = "libc++";
				CLANG_ENABLE_MODULES = YES;
				CLANG_ENABLE_OBJC_ARC = YES;
				CLANG_WARN_BOOL_CONVERSION = YES;
				CLANG_WARN_CONSTANT_CONVERSION = YES;
				CLANG_WARN_DIRECT_OBJC_ISA_USAGE = YES_ERROR;
				CLANG_WARN_EMPTY_BODY = YES;
				CLANG_WARN_ENUM_CONVERSION = YES;
				CLANG_WARN_INT_CONVERSION = YES;
				CLANG_WARN_OBJC_ROOT_CLASS = YES_ERROR;
				CLANG_WARN_UNREACHABLE_CODE = YES;
				CLANG_WARN__DUPLICATE_METHOD_MATCH = YES;
				"CODE_SIGN_IDENTITY[sdk=iphoneos*]" = "iPhone Developer";
				COPY_PHASE_STRIP = NO;
				DEBUG_INFORMATION_FORMAT = "dwarf-with-dsym";
				ENABLE_NS_ASSERTIONS = NO;
				ENABLE_STRICT_OBJC_MSGSEND = YES;
				GCC_C_LANGUAGE_STANDARD = gnu99;
				GCC_NO_COMMON_BLOCKS = YES;
				GCC_WARN_64_TO_32_BIT_CONVERSION = YES;
				GCC_WARN_ABOUT_RETURN_TYPE = YES_ERROR;
				GCC_WARN_UNDECLARED_SELECTOR = YES;
				GCC_WARN_UNINITIALIZED_AUTOS = YES_AGGRESSIVE;
				GCC_WARN_UNUSED_FUNCTION = YES;
				GCC_WARN_UNUSED_VARIABLE = YES;
				IPHONEOS_DEPLOYMENT_TARGET = 9.2;
				MTL_ENABLE_DEBUG_INFO = NO;
				SDKROOT = iphoneos;
				VALIDATE_PRODUCT = YES;
			};
			name = Release;
		};
		C6D12A411C9AB3A100655D2F /* Debug */ = {
			isa = XCBuildConfiguration;
			buildSettings = {
				ASSETCATALOG_COMPILER_APPICON_NAME = AppIcon;
				INFOPLIST_FILE = SingleMusicPlayer/Info.plist;
				LD_RUNPATH_SEARCH_PATHS = "$(inherited) @executable_path/Frameworks";
				PRODUCT_BUNDLE_IDENTIFIER = me.nashvail.SingleMusicPlayer;
				PRODUCT_NAME = "$(TARGET_NAME)";
			};
			name = Debug;
		};
		C6D12A421C9AB3A100655D2F /* Release */ = {
			isa = XCBuildConfiguration;
			buildSettings = {
				ASSETCATALOG_COMPILER_APPICON_NAME = AppIcon;
				INFOPLIST_FILE = SingleMusicPlayer/Info.plist;
				LD_RUNPATH_SEARCH_PATHS = "$(inherited) @executable_path/Frameworks";
				PRODUCT_BUNDLE_IDENTIFIER = me.nashvail.SingleMusicPlayer;
				PRODUCT_NAME = "$(TARGET_NAME)";
			};
			name = Release;
		};
/* End XCBuildConfiguration section */

/* Begin XCConfigurationList section */
		C6D12A291C9AB3A000655D2F /* Build configuration list for PBXProject "SingleMusicPlayer" */ = {
			isa = XCConfigurationList;
			buildConfigurations = (
				C6D12A3E1C9AB3A100655D2F /* Debug */,
				C6D12A3F1C9AB3A100655D2F /* Release */,
			);
			defaultConfigurationIsVisible = 0;
			defaultConfigurationName = Release;
		};
		C6D12A401C9AB3A100655D2F /* Build configuration list for PBXNativeTarget "SingleMusicPlayer" */ = {
			isa = XCConfigurationList;
			buildConfigurations = (
				C6D12A411C9AB3A100655D2F /* Debug */,
				C6D12A421C9AB3A100655D2F /* Release */,
			);
			defaultConfigurationIsVisible = 0;
			defaultConfigurationName = Release;
		};
/* End XCConfigurationList section */
	};
	rootObject = C6D12A261C9AB3A000655D2F /* Project object */;
}
