// !$*UTF8*$!
{
	archiveVersion = 1;
	classes = {
	};
	objectVersion = 46;
	objects = {

/* Begin PBXBuildFile section */
		C6258EBF1CAFA22A0045687A /* AppDelegate.swift in Sources */ = {isa = PBXBuildFile; fileRef = C6258EBE1CAFA22A0045687A /* AppDelegate.swift */; };
		C6258EC11CAFA22A0045687A /* ViewController.swift in Sources */ = {isa = PBXBuildFile; fileRef = C6258EC01CAFA22A0045687A /* ViewController.swift */; };
		C6258EC41CAFA22A0045687A /* Main.storyboard in Resources */ = {isa = PBXBuildFile; fileRef = C6258EC21CAFA22A0045687A /* Main.storyboard */; };
		C6258EC61CAFA22A0045687A /* Assets.xcassets in Resources */ = {isa = PBXBuildFile; fileRef = C6258EC51CAFA22A0045687A /* Assets.xcassets */; };
		C6258EC91CAFA22A0045687A /* LaunchScreen.storyboard in Resources */ = {isa = PBXBuildFile; fileRef = C6258EC71CAFA22A0045687A /* LaunchScreen.storyboard */; };
/* End PBXBuildFile section */

/* Begin PBXFileReference section */
		C6258EBB1CAFA22A0045687A /* Instant Motivation.app */ = {isa = PBXFileReference; explicitFileType = wrapper.application; includeInIndex = 0; path = "Instant Motivation.app"; sourceTree = BUILT_PRODUCTS_DIR; };
		C6258EBE1CAFA22A0045687A /* AppDelegate.swift */ = {isa = PBXFileReference; lastKnownFileType = sourcecode.swift; path = AppDelegate.swift; sourceTree = "<group>"; };
		C6258EC01CAFA22A0045687A /* ViewController.swift */ = {isa = PBXFileReference; lastKnownFileType = sourcecode.swift; path = ViewController.swift; sourceTree = "<group>"; };
		C6258EC31CAFA22A0045687A /* Base */ = {isa = PBXFileReference; lastKnownFileType = file.storyboard; name = Base; path = Base.lproj/Main.storyboard; sourceTree = "<group>"; };
		C6258EC51CAFA22A0045687A /* Assets.xcassets */ = {isa = PBXFileReference; lastKnownFileType = folder.assetcatalog; path = Assets.xcassets; sourceTree = "<group>"; };
		C6258EC81CAFA22A0045687A /* Base */ = {isa = PBXFileReference; lastKnownFileType = file.storyboard; name = Base; path = Base.lproj/LaunchScreen.storyboard; sourceTree = "<group>"; };
		C6258ECA1CAFA22A0045687A /* Info.plist */ = {isa = PBXFileReference; lastKnownFileType = text.plist.xml; path = Info.plist; sourceTree = "<group>"; };
/* End PBXFileReference section */

/* Begin PBXFrameworksBuildPhase section */
		C6258EB81CAFA22A0045687A /* Frameworks */ = {
			isa = PBXFrameworksBuildPhase;
			buildActionMask = 2147483647;
			files = (
			);
			runOnlyForDeploymentPostprocessing = 0;
		};
/* End PBXFrameworksBuildPhase section */

/* Begin PBXGroup section */
		C6258EB21CAFA2290045687A = {
			isa = PBXGroup;
			children = (
				C6258EBD1CAFA22A0045687A /* Instant Motivation */,
				C6258EBC1CAFA22A0045687A /* Products */,
			);
			sourceTree = "<group>";
		};
		C6258EBC1CAFA22A0045687A /* Products */ = {
			isa = PBXGroup;
			children = (
				C6258EBB1CAFA22A0045687A /* Instant Motivation.app */,
			);
			name = Products;
			sourceTree = "<group>";
		};
		C6258EBD1CAFA22A0045687A /* Instant Motivation */ = {
			isa = PBXGroup;
			children = (
				C6258EBE1CAFA22A0045687A /* AppDelegate.swift */,
				C6258EC01CAFA22A0045687A /* ViewController.swift */,
				C6258EC21CAFA22A0045687A /* Main.storyboard */,
				C6258EC51CAFA22A0045687A /* Assets.xcassets */,
				C6258EC71CAFA22A0045687A /* LaunchScreen.storyboard */,
				C6258ECA1CAFA22A0045687A /* Info.plist */,
			);
			path = "Instant Motivation";
			sourceTree = "<group>";
		};
/* End PBXGroup section */

/* Begin PBXNativeTarget section */
		C6258EBA1CAFA22A0045687A /* Instant Motivation */ = {
			isa = PBXNativeTarget;
			buildConfigurationList = C6258ECD1CAFA22A0045687A /* Build configuration list for PBXNativeTarget "Instant Motivation" */;
			buildPhases = (
				C6258EB71CAFA22A0045687A /* Sources */,
				C6258EB81CAFA22A0045687A /* Frameworks */,
				C6258EB91CAFA22A0045687A /* Resources */,
			);
			buildRules = (
			);
			dependencies = (
			);
			name = "Instant Motivation";
			productName = "Instant Motivation";
			productReference = C6258EBB1CAFA22A0045687A /* Instant Motivation.app */;
			productType = "com.apple.product-type.application";
		};
/* End PBXNativeTarget section */

/* Begin PBXProject section */
		C6258EB31CAFA2290045687A /* Project object */ = {
			isa = PBXProject;
			attributes = {
				LastSwiftUpdateCheck = 0730;
				LastUpgradeCheck = 0730;
				ORGANIZATIONNAME = "Nishant Verma ( Nash Vail )";
				TargetAttributes = {
					C6258EBA1CAFA22A0045687A = {
						CreatedOnToolsVersion = 7.3;
						DevelopmentTeam = 8SKAE2AGL6;
					};
				};
			};
			buildConfigurationList = C6258EB61CAFA2290045687A /* Build configuration list for PBXProject "Instant Motivation" */;
			compatibilityVersion = "Xcode 3.2";
			developmentRegion = English;
			hasScannedForEncodings = 0;
			knownRegions = (
				en,
				Base,
			);
			mainGroup = C6258EB21CAFA2290045687A;
			productRefGroup = C6258EBC1CAFA22A0045687A /* Products */;
			projectDirPath = "";
			projectRoot = "";
			targets = (
				C6258EBA1CAFA22A0045687A /* Instant Motivation */,
			);
		};
/* End PBXProject section */

/* Begin PBXResourcesBuildPhase section */
		C6258EB91CAFA22A0045687A /* Resources */ = {
			isa = PBXResourcesBuildPhase;
			buildActionMask = 2147483647;
			files = (
				C6258EC91CAFA22A0045687A /* LaunchScreen.storyboard in Resources */,
				C6258EC61CAFA22A0045687A /* Assets.xcassets in Resources */,
				C6258EC41CAFA22A0045687A /* Main.storyboard in Resources */,
			);
			runOnlyForDeploymentPostprocessing = 0;
		};
/* End PBXResourcesBuildPhase section */

/* Begin PBXSourcesBuildPhase section */
		C6258EB71CAFA22A0045687A /* Sources */ = {
			isa = PBXSourcesBuildPhase;
			buildActionMask = 2147483647;
			files = (
				C6258EC11CAFA22A0045687A /* ViewController.swift in Sources */,
				C6258EBF1CAFA22A0045687A /* AppDelegate.swift in Sources */,
			);
			runOnlyForDeploymentPostprocessing = 0;
		};
/* End PBXSourcesBuildPhase section */

/* Begin PBXVariantGroup section */
		C6258EC21CAFA22A0045687A /* Main.storyboard */ = {
			isa = PBXVariantGroup;
			children = (
				C6258EC31CAFA22A0045687A /* Base */,
			);
			name = Main.storyboard;
			sourceTree = "<group>";
		};
		C6258EC71CAFA22A0045687A /* LaunchScreen.storyboard */ = {
			isa = PBXVariantGroup;
			children = (
				C6258EC81CAFA22A0045687A /* Base */,
			);
			name = LaunchScreen.storyboard;
			sourceTree = "<group>";
		};
/* End PBXVariantGroup section */

/* Begin XCBuildConfiguration section */
		C6258ECB1CAFA22A0045687A /* Debug */ = {
			isa = XCBuildConfiguration;
			buildSettings = {
				ALWAYS_SEARCH_USER_PATHS = NO;
				CLANG_ANALYZER_NONNULL = YES;
				CLANG_CXX_LANGUAGE_STANDARD = "gnu++0x";
				CLANG_CXX_LIBRARY = "libc++";
				CLANG_ENABLE_MODULES = YES;
				CLANG_ENABLE_OBJC_ARC = YES;
				CLANG_WARN_BOOL_CONVERSION = YES;
				CLANG_WARN_CONSTANT_CONVERSION = YES;
				CLANG_WARN_DIRECT_OBJC_ISA_USAGE = YES_ERROR;
				CLANG_WARN_EMPTY_BODY = YES;
				CLANG_WARN_ENUM_CONVERSION = YES;
				CLANG_WARN_INT_CONVERSION = YES;
				CLANG_WARN_OBJC_ROOT_CLASS = YES_ERROR;
				CLANG_WARN_UNREACHABLE_CODE = YES;
				CLANG_WARN__DUPLICATE_METHOD_MATCH = YES;
				"CODE_SIGN_IDENTITY[sdk=iphoneos*]" = "iPhone Developer";
				COPY_PHASE_STRIP = NO;
				DEBUG_INFORMATION_FORMAT = dwarf;
				ENABLE_STRICT_OBJC_MSGSEND = YES;
				ENABLE_TESTABILITY = YES;
				GCC_C_LANGUAGE_STANDARD = gnu99;
				GCC_DYNAMIC_NO_PIC = NO;
				GCC_NO_COMMON_BLOCKS = YES;
				GCC_OPTIMIZATION_LEVEL = 0;
				GCC_PREPROCESSOR_DEFINITIONS = (
					"DEBUG=1",
					"$(inherited)",
				);
				GCC_WARN_64_TO_32_BIT_CONVERSION = YES;
				GCC_WARN_ABOUT_RETURN_TYPE = YES_ERROR;
				GCC_WARN_UNDECLARED_SELECTOR = YES;
				GCC_WARN_UNINITIALIZED_AUTOS = YES_AGGRESSIVE;
				GCC_WARN_UNUSED_FUNCTION = YES;
				GCC_WARN_UNUSED_VARIABLE = YES;
				IPHONEOS_DEPLOYMENT_TARGET = 9.3;
				MTL_ENABLE_DEBUG_INFO = YES;
				ONLY_ACTIVE_ARCH = YES;
				SDKROOT = iphoneos;
				SWIFT_OPTIMIZATION_LEVEL = "-Onone";
			};
			name = Debug;
		};
		C6258ECC1CAFA22A0045687A /* Release */ = {
			isa = XCBuildConfiguration;
			buildSettings = {
				ALWAYS_SEARCH_USER_PATHS = NO;
				CLANG_ANALYZER_NONNULL = YES;
				CLANG_CXX_LANGUAGE_STANDARD = "gnu++0x";
				CLANG_CXX_LIBRARY = "libc++";
				CLANG_ENABLE_MODULES = YES;
				CLANG_ENABLE_OBJC_ARC = YES;
				CLANG_WARN_BOOL_CONVERSION = YES;
				CLANG_WARN_CONSTANT_CONVERSION = YES;
				CLANG_WARN_DIRECT_OBJC_ISA_USAGE = YES_ERROR;
				CLANG_WARN_EMPTY_BODY = YES;
				CLANG_WARN_ENUM_CONVERSION = YES;
				CLANG_WARN_INT_CONVERSION = YES;
				CLANG_WARN_OBJC_ROOT_CLASS = YES_ERROR;
				CLANG_WARN_UNREACHABLE_CODE = YES;
				CLANG_WARN__DUPLICATE_METHOD_MATCH = YES;
				"CODE_SIGN_IDENTITY[sdk=iphoneos*]" = "iPhone Developer";
				COPY_PHASE_STRIP = NO;
				DEBUG_INFORMATION_FORMAT = "dwarf-with-dsym";
				ENABLE_NS_ASSERTIONS = NO;
				ENABLE_STRICT_OBJC_MSGSEND = YES;
				GCC_C_LANGUAGE_STANDARD = gnu99;
				GCC_NO_COMMON_BLOCKS = YES;
				GCC_WARN_64_TO_32_BIT_CONVERSION = YES;
				GCC_WARN_ABOUT_RETURN_TYPE = YES_ERROR;
				GCC_WARN_UNDECLARED_SELECTOR = YES;
				GCC_WARN_UNINITIALIZED_AUTOS = YES_AGGRESSIVE;
				GCC_WARN_UNUSED_FUNCTION = YES;
				GCC_WARN_UNUSED_VARIABLE = YES;
				IPHONEOS_DEPLOYMENT_TARGET = 9.3;
				MTL_ENABLE_DEBUG_INFO = NO;
				SDKROOT = iphoneos;
				VALIDATE_PRODUCT = YES;
			};
			name = Release;
		};
		C6258ECE1CAFA22A0045687A /* Debug */ = {
			isa = XCBuildConfiguration;
			buildSettings = {
				ASSETCATALOG_COMPILER_APPICON_NAME = AppIcon;
				INFOPLIST_FILE = "Instant Motivation/Info.plist";
				LD_RUNPATH_SEARCH_PATHS = "$(inherited) @executable_path/Frameworks";
				PRODUCT_BUNDLE_IDENTIFIER = "me.nashvail.xdays.Instant-Motivation";
				PRODUCT_NAME = "$(TARGET_NAME)";
			};
			name = Debug;
		};
		C6258ECF1CAFA22A0045687A /* Release */ = {
			isa = XCBuildConfiguration;
			buildSettings = {
				ASSETCATALOG_COMPILER_APPICON_NAME = AppIcon;
				INFOPLIST_FILE = "Instant Motivation/Info.plist";
				LD_RUNPATH_SEARCH_PATHS = "$(inherited) @executable_path/Frameworks";
				PRODUCT_BUNDLE_IDENTIFIER = "me.nashvail.xdays.Instant-Motivation";
				PRODUCT_NAME = "$(TARGET_NAME)";
			};
			name = Release;
		};
/* End XCBuildConfiguration section */

/* Begin XCConfigurationList section */
		C6258EB61CAFA2290045687A /* Build configuration list for PBXProject "Instant Motivation" */ = {
			isa = XCConfigurationList;
			buildConfigurations = (
				C6258ECB1CAFA22A0045687A /* Debug */,
				C6258ECC1CAFA22A0045687A /* Release */,
			);
			defaultConfigurationIsVisible = 0;
			defaultConfigurationName = Release;
		};
		C6258ECD1CAFA22A0045687A /* Build configuration list for PBXNativeTarget "Instant Motivation" */ = {
			isa = XCConfigurationList;
			buildConfigurations = (
				C6258ECE1CAFA22A0045687A /* Debug */,
				C6258ECF1CAFA22A0045687A /* Release */,
			);
			defaultConfigurationIsVisible = 0;
		};
/* End XCConfigurationList section */
	};
	rootObject = C6258EB31CAFA2290045687A /* Project object */;
}
